
Microsoft Visual Studio Solution File, Format Version 12.00
# Visual Studio Version 17
VisualStudioVersion = 17.5.002.0
MinimumVisualStudioVersion = 10.0.40219.1
Project("{9A19103F-16F7-4668-BE54-9A1E7A4F7556}") = "practica11-Msalmeron95", "practica11-Msalmeron95.csproj", "{6B0E4FC2-547A-4211-8A97-E91F7BD4C5A2}"
EndProject
Global
	GlobalSection(SolutionConfigurationPlatforms) = preSolution
		Debug|Any CPU = Debug|Any CPU
		Release|Any CPU = Release|Any CPU
	EndGlobalSection
	GlobalSection(ProjectConfigurationPlatforms) = postSolution
		{6B0E4FC2-547A-4211-8A97-E91F7BD4C5A2}.Debug|Any CPU.ActiveCfg = Debug|Any CPU
		{6B0E4FC2-547A-4211-8A97-E91F7BD4C5A2}.Debug|Any CPU.Build.0 = Debug|Any CPU
		{6B0E4FC2-547A-4211-8A97-E91F7BD4C5A2}.Release|Any CPU.ActiveCfg = Release|Any CPU
		{6B0E4FC2-547A-4211-8A97-E91F7BD4C5A2}.Release|Any CPU.Build.0 = Release|Any CPU
	EndGlobalSection
	GlobalSection(SolutionProperties) = preSolution
		HideSolutionNode = FALSE
	EndGlobalSection
	GlobalSection(ExtensibilityGlobals) = postSolution
		SolutionGuid = {AC74F44C-63F7-4124-9C87-4C6DA8976D85}
	EndGlobalSection
EndGlobal
